
Microsoft Visual Studio Solution File, Format Version 12.00
# Visual Studio Version 17
VisualStudioVersion = 17.9.34622.214
MinimumVisualStudioVersion = 10.0.40219.1
Project("{FAE04EC0-301F-11D3-BF4B-00C04F79EFBC}") = "TaskManager", "TaskManager\TaskManager.csproj", "{F5D4B14E-AA57-4F4A-A87E-4FA102FB9D91}"
EndProject
Global
	GlobalSection(SolutionConfigurationPlatforms) = preSolution
		Debug|Any CPU = Debug|Any CPU
		Release|Any CPU = Release|Any CPU
	EndGlobalSection
	GlobalSection(ProjectConfigurationPlatforms) = postSolution
		{F5D4B14E-AA57-4F4A-A87E-4FA102FB9D91}.Debug|Any CPU.ActiveCfg = Debug|Any CPU
		{F5D4B14E-AA57-4F4A-A87E-4FA102FB9D91}.Debug|Any CPU.Build.0 = Debug|Any CPU
		{F5D4B14E-AA57-4F4A-A87E-4FA102FB9D91}.Release|Any CPU.ActiveCfg = Release|Any CPU
		{F5D4B14E-AA57-4F4A-A87E-4FA102FB9D91}.Release|Any CPU.Build.0 = Release|Any CPU
	EndGlobalSection
	GlobalSection(SolutionProperties) = preSolution
		HideSolutionNode = FALSE
	EndGlobalSection
	GlobalSection(ExtensibilityGlobals) = postSolution
		SolutionGuid = {334AAAE6-E4B4-41BF-B5F0-670A512B07DE}
	EndGlobalSection
EndGlobal
